
Microsoft Visual Studio Solution File, Format Version 12.00
# Visual Studio Version 16
VisualStudioVersion = 16.0.31402.337
MinimumVisualStudioVersion = 10.0.40219.1
Project("{9A19103F-16F7-4668-BE54-9A1E7A4F7556}") = "eShopTruongSport.Data", "eShopTruongSport.Data\eShopTruongSport.Data.csproj", "{839F0982-C383-4737-8C74-03A432770FF3}"
EndProject
Project("{2150E333-8FDC-42A3-9474-1A3956D46DE8}") = "1. Infrastructure", "1. Infrastructure", "{8FF02ACB-48B0-45DE-BC77-6299E10A8250}"
EndProject
Project("{9A19103F-16F7-4668-BE54-9A1E7A4F7556}") = "eShopTruongSport.Utilities", "eShopTruongSport.Utilities\eShopTruongSport.Utilities.csproj", "{4A702055-5B04-4C1F-A437-6882876902F4}"
EndProject
Project("{9A19103F-16F7-4668-BE54-9A1E7A4F7556}") = "eShopTruongSport.ViewModels", "eShopTruongSport.ViewModels\eShopTruongSport.ViewModels.csproj", "{3851251E-1364-41EC-814C-9A786AD5E0E9}"
EndProject
Project("{2150E333-8FDC-42A3-9474-1A3956D46DE8}") = "2.Domain", "2.Domain", "{EF5605E8-CDC1-40CD-8B32-0ED104D30EB9}"
EndProject
Project("{9A19103F-16F7-4668-BE54-9A1E7A4F7556}") = "eShopTruongSport.Application", "eShopTruongSport.Application\eShopTruongSport.Application.csproj", "{A70CB164-A083-4AC1-A8D9-3B029A74C6CB}"
EndProject
Project("{2150E333-8FDC-42A3-9474-1A3956D46DE8}") = "3.Host", "3.Host", "{4DE451AD-2EF2-4D35-854F-1A860FB96B83}"
EndProject
Project("{9A19103F-16F7-4668-BE54-9A1E7A4F7556}") = "eShopTruongSport.BackendApi", "eShopTruongSport.BackendApi\eShopTruongSport.BackendApi.csproj", "{023FA36A-174D-46EB-888A-A4D8F89E527B}"
EndProject
Project("{2150E333-8FDC-42A3-9474-1A3956D46DE8}") = "0.Solution Items", "0.Solution Items", "{522CF7F6-7489-4AAE-A9A5-A72DAE695F97}"
	ProjectSection(SolutionItems) = preProject
		README.md = README.md
	EndProjectSection
EndProject
Project("{9A19103F-16F7-4668-BE54-9A1E7A4F7556}") = "eShopTruongSport.AdminApp", "eShopTruongSport.AdminApp\eShopTruongSport.AdminApp.csproj", "{EC9F553F-5D08-4879-B83E-414A0D8E45E7}"
EndProject
Project("{9A19103F-16F7-4668-BE54-9A1E7A4F7556}") = "eShopTruongSport.ApiIntegration", "eShopTruongSport.ApiIntegration\eShopTruongSport.ApiIntegration.csproj", "{38ED221B-CFFE-4705-BDE2-D2813FDC2764}"
EndProject
Project("{FAE04EC0-301F-11D3-BF4B-00C04F79EFBC}") = "eShopTruongSport.WebApp", "eShopTruongSport.WebApp\eShopTruongSport.WebApp.csproj", "{3972DD10-0E1C-4597-A763-CE56C487C9B6}"
EndProject
Global
	GlobalSection(SolutionConfigurationPlatforms) = preSolution
		Debug|Any CPU = Debug|Any CPU
		Release|Any CPU = Release|Any CPU
	EndGlobalSection
	GlobalSection(ProjectConfigurationPlatforms) = postSolution
		{839F0982-C383-4737-8C74-03A432770FF3}.Debug|Any CPU.ActiveCfg = Debug|Any CPU
		{839F0982-C383-4737-8C74-03A432770FF3}.Debug|Any CPU.Build.0 = Debug|Any CPU
		{839F0982-C383-4737-8C74-03A432770FF3}.Release|Any CPU.ActiveCfg = Release|Any CPU
		{839F0982-C383-4737-8C74-03A432770FF3}.Release|Any CPU.Build.0 = Release|Any CPU
		{4A702055-5B04-4C1F-A437-6882876902F4}.Debug|Any CPU.ActiveCfg = Debug|Any CPU
		{4A702055-5B04-4C1F-A437-6882876902F4}.Debug|Any CPU.Build.0 = Debug|Any CPU
		{4A702055-5B04-4C1F-A437-6882876902F4}.Release|Any CPU.ActiveCfg = Release|Any CPU
		{4A702055-5B04-4C1F-A437-6882876902F4}.Release|Any CPU.Build.0 = Release|Any CPU
		{3851251E-1364-41EC-814C-9A786AD5E0E9}.Debug|Any CPU.ActiveCfg = Debug|Any CPU
		{3851251E-1364-41EC-814C-9A786AD5E0E9}.Debug|Any CPU.Build.0 = Debug|Any CPU
		{3851251E-1364-41EC-814C-9A786AD5E0E9}.Release|Any CPU.ActiveCfg = Release|Any CPU
		{3851251E-1364-41EC-814C-9A786AD5E0E9}.Release|Any CPU.Build.0 = Release|Any CPU
		{A70CB164-A083-4AC1-A8D9-3B029A74C6CB}.Debug|Any CPU.ActiveCfg = Debug|Any CPU
		{A70CB164-A083-4AC1-A8D9-3B029A74C6CB}.Debug|Any CPU.Build.0 = Debug|Any CPU
		{A70CB164-A083-4AC1-A8D9-3B029A74C6CB}.Release|Any CPU.ActiveCfg = Release|Any CPU
		{A70CB164-A083-4AC1-A8D9-3B029A74C6CB}.Release|Any CPU.Build.0 = Release|Any CPU
		{023FA36A-174D-46EB-888A-A4D8F89E527B}.Debug|Any CPU.ActiveCfg = Debug|Any CPU
		{023FA36A-174D-46EB-888A-A4D8F89E527B}.Debug|Any CPU.Build.0 = Debug|Any CPU
		{023FA36A-174D-46EB-888A-A4D8F89E527B}.Release|Any CPU.ActiveCfg = Release|Any CPU
		{023FA36A-174D-46EB-888A-A4D8F89E527B}.Release|Any CPU.Build.0 = Release|Any CPU
		{EC9F553F-5D08-4879-B83E-414A0D8E45E7}.Debug|Any CPU.ActiveCfg = Debug|Any CPU
		{EC9F553F-5D08-4879-B83E-414A0D8E45E7}.Debug|Any CPU.Build.0 = Debug|Any CPU
		{EC9F553F-5D08-4879-B83E-414A0D8E45E7}.Release|Any CPU.ActiveCfg = Release|Any CPU
		{EC9F553F-5D08-4879-B83E-414A0D8E45E7}.Release|Any CPU.Build.0 = Release|Any CPU
		{38ED221B-CFFE-4705-BDE2-D2813FDC2764}.Debug|Any CPU.ActiveCfg = Debug|Any CPU
		{38ED221B-CFFE-4705-BDE2-D2813FDC2764}.Debug|Any CPU.Build.0 = Debug|Any CPU
		{38ED221B-CFFE-4705-BDE2-D2813FDC2764}.Release|Any CPU.ActiveCfg = Release|Any CPU
		{38ED221B-CFFE-4705-BDE2-D2813FDC2764}.Release|Any CPU.Build.0 = Release|Any CPU
		{3972DD10-0E1C-4597-A763-CE56C487C9B6}.Debug|Any CPU.ActiveCfg = Debug|Any CPU
		{3972DD10-0E1C-4597-A763-CE56C487C9B6}.Debug|Any CPU.Build.0 = Debug|Any CPU
		{3972DD10-0E1C-4597-A763-CE56C487C9B6}.Release|Any CPU.ActiveCfg = Release|Any CPU
		{3972DD10-0E1C-4597-A763-CE56C487C9B6}.Release|Any CPU.Build.0 = Release|Any CPU
	EndGlobalSection
	GlobalSection(SolutionProperties) = preSolution
		HideSolutionNode = FALSE
	EndGlobalSection
	GlobalSection(NestedProjects) = preSolution
		{839F0982-C383-4737-8C74-03A432770FF3} = {EF5605E8-CDC1-40CD-8B32-0ED104D30EB9}
		{4A702055-5B04-4C1F-A437-6882876902F4} = {8FF02ACB-48B0-45DE-BC77-6299E10A8250}
		{3851251E-1364-41EC-814C-9A786AD5E0E9} = {8FF02ACB-48B0-45DE-BC77-6299E10A8250}
		{A70CB164-A083-4AC1-A8D9-3B029A74C6CB} = {EF5605E8-CDC1-40CD-8B32-0ED104D30EB9}
		{023FA36A-174D-46EB-888A-A4D8F89E527B} = {4DE451AD-2EF2-4D35-854F-1A860FB96B83}
		{EC9F553F-5D08-4879-B83E-414A0D8E45E7} = {4DE451AD-2EF2-4D35-854F-1A860FB96B83}
		{38ED221B-CFFE-4705-BDE2-D2813FDC2764} = {4DE451AD-2EF2-4D35-854F-1A860FB96B83}
		{3972DD10-0E1C-4597-A763-CE56C487C9B6} = {4DE451AD-2EF2-4D35-854F-1A860FB96B83}
	EndGlobalSection
	GlobalSection(ExtensibilityGlobals) = postSolution
		SolutionGuid = {40A0DC00-366B-4F7A-8F29-A6E35D7A7D09}
	EndGlobalSection
EndGlobal
